{
  "requires": true,
  "lockfileVersion": 1,
  "dependencies": {
    "@mapbox/node-pre-gyp": {
      "version": "1.0.8",
      "resolved": "https://registry.npmjs.org/@mapbox/node-pre-gyp/-/node-pre-gyp-1.0.8.tgz",
      "integrity": "sha512-CMGKi28CF+qlbXh26hDe6NxCd7amqeAzEqnS6IHeO6LoaKyM/n+Xw3HT1COdq8cuioOdlKdqn/hCmqPUOMOywg==",
      "requires": {
        "detect-libc": "^1.0.3",
        "https-proxy-agent": "^5.0.0",
        "make-dir": "^3.1.0",
        "node-fetch": "^2.6.5",
        "nopt": "^5.0.0",
        "npmlog": "^5.0.1",
        "rimraf": "^3.0.2",
        "semver": "^7.3.5",
        "tar": "^6.1.11"
      }
    },
    "@types/clone": {
      "version": "2.1.1",
      "resolved": "https://registry.npmjs.org/@types/clone/-/clone-2.1.1.tgz",
      "integrity": "sha512-BZIU34bSYye0j/BFcPraiDZ5ka6MJADjcDVELGf7glr9K+iE8NYVjFslJFVWzskSxkLLyCrSPScE82/UUoBSvg=="
    },
    "@types/estree": {
      "version": "0.0.50",
      "resolved": "https://registry.npmjs.org/@types/estree/-/estree-0.0.50.tgz",
      "integrity": "sha512-C6N5s2ZFtuZRj54k2/zyRhNDjJwwcViAM3Nbm8zjBpbqAdZ00mr0CFxvSKeO8Y/e03WVFLpQMdHYVfUd6SB+Hw=="
    },
    "abbrev": {
      "version": "1.1.1",
      "resolved": "https://registry.npmjs.org/abbrev/-/abbrev-1.1.1.tgz",
      "integrity": "sha512-nne9/IiQ/hzIhY6pdDnbBtz7DjPTKrY00P/zvPSm5pOFkl6xuGrGnXn/VtTNNfNtAfZ9/1RtehkszU9qcTii0Q=="
    },
    "agent-base": {
      "version": "6.0.2",
      "resolved": "https://registry.npmjs.org/agent-base/-/agent-base-6.0.2.tgz",
      "integrity": "sha512-RZNwNclF7+MS/8bDg70amg32dyeZGZxiDuQmZxKLAlQjr3jGyLx+4Kkk58UO7D2QdgFIQCovuSuZESne6RG6XQ==",
      "requires": {
        "debug": "4"
      }
    },
    "ansi-regex": {
      "version": "5.0.1",
      "resolved": "https://registry.npmjs.org/ansi-regex/-/ansi-regex-5.0.1.tgz",
      "integrity": "sha512-quJQXlTSUGL2LH9SUXo8VwsY4soanhgo6LNSm84E1LBcE8s3O0wpdiRzyR9z/ZZJMlMWv37qOOb9pdJlMUEKFQ=="
    },
    "ansi-styles": {
      "version": "4.3.0",
      "resolved": "https://registry.npmjs.org/ansi-styles/-/ansi-styles-4.3.0.tgz",
      "integrity": "sha512-zbB9rCJAT1rbjiVDb2hqKFHNYLxgtk8NURxZ3IZwD3F6NtxbXZQCnnSi1Lkx+IDohdPlFp222wVALIheZJQSEg==",
      "requires": {
        "color-convert": "^2.0.1"
      }
    },
    "aproba": {
      "version": "2.0.0",
      "resolved": "https://registry.npmjs.org/aproba/-/aproba-2.0.0.tgz",
      "integrity": "sha512-lYe4Gx7QT+MKGbDsA+Z+he/Wtef0BiwDOlK/XkBrdfsh9J/jPPXbX0tE9x9cl27Tmu5gg3QUbUrQYa/y+KOHPQ=="
    },
    "are-we-there-yet": {
      "version": "2.0.0",
      "resolved": "https://registry.npmjs.org/are-we-there-yet/-/are-we-there-yet-2.0.0.tgz",
      "integrity": "sha512-Ci/qENmwHnsYo9xKIcUJN5LeDKdJ6R1Z1j9V/J5wyq8nh/mYPEpIKJbBZXtZjG04HiK7zV/p6Vs9952MrMeUIw==",
      "requires": {
        "delegates": "^1.0.0",
        "readable-stream": "^3.6.0"
      }
    },
    "array-flat-polyfill": {
      "version": "1.0.1",
      "resolved": "https://registry.npmjs.org/array-flat-polyfill/-/array-flat-polyfill-1.0.1.tgz",
      "integrity": "sha512-hfJmKupmQN0lwi0xG6FQ5U8Rd97RnIERplymOv/qpq8AoNKPPAnxJadjFA23FNWm88wykh9HmpLJUUwUtNU/iw=="
    },
    "balanced-match": {
      "version": "1.0.2",
      "resolved": "https://registry.npmjs.org/balanced-match/-/balanced-match-1.0.2.tgz",
      "integrity": "sha512-3oSeUO0TMV67hN1AmbXsK4yaqU7tjiHlbxRDZOpH0KW9+CeX4bRAaX0Anxt0tx2MrpRpWwQaPwIlISEJhYU5Pw=="
    },
    "brace-expansion": {
      "version": "1.1.11",
      "resolved": "https://registry.npmjs.org/brace-expansion/-/brace-expansion-1.1.11.tgz",
      "integrity": "sha512-iCuPHDFgrHX7H2vEI/5xpz07zSHB00TpugqhmYtVmMO6518mCuRMoOYFldEBl0g187ufozdaHgWKcYFb61qGiA==",
      "requires": {
        "balanced-match": "^1.0.0",
        "concat-map": "0.0.1"
      }
    },
    "canvas": {
      "version": "2.9.1",
      "resolved": "https://registry.npmjs.org/canvas/-/canvas-2.9.1.tgz",
      "integrity": "sha512-vSQti1uG/2gjv3x6QLOZw7TctfufaerTWbVe+NSduHxxLGB+qf3kFgQ6n66DSnuoINtVUjrLLIK2R+lxrBG07A==",
      "requires": {
        "@mapbox/node-pre-gyp": "^1.0.0",
        "nan": "^2.15.0",
        "simple-get": "^3.0.3"
      }
    },
    "chownr": {
      "version": "2.0.0",
      "resolved": "https://registry.npmjs.org/chownr/-/chownr-2.0.0.tgz",
      "integrity": "sha512-bIomtDF5KGpdogkLd9VspvFzk9KfpyyGlS8YFVZl7TGPBHL5snIOnxeshwVgPteQ9b4Eydl+pVbIyE1DcvCWgQ=="
    },
    "cliui": {
      "version": "7.0.4",
      "resolved": "https://registry.npmjs.org/cliui/-/cliui-7.0.4.tgz",
      "integrity": "sha512-OcRE68cOsVMXp1Yvonl/fzkQOyjLSu/8bhPDfQt0e0/Eb283TKP20Fs2MqoPsr9SwA595rRCA+QMzYc9nBP+JQ==",
      "requires": {
        "string-width": "^4.2.0",
        "strip-ansi": "^6.0.0",
        "wrap-ansi": "^7.0.0"
      }
    },
    "clone": {
      "version": "2.1.2",
      "resolved": "https://registry.npmjs.org/clone/-/clone-2.1.2.tgz",
      "integrity": "sha1-G39Ln1kfHo+DZwQBYANFoCiHQ18="
    },
    "color-convert": {
      "version": "2.0.1",
      "resolved": "https://registry.npmjs.org/color-convert/-/color-convert-2.0.1.tgz",
      "integrity": "sha512-RRECPsj7iu/xb5oKYcsFHSppFNnsj/52OVTRKb4zP5onXwVF3zVmmToNcOfGC+CRDpfK/U584fMg38ZHCaElKQ==",
      "requires": {
        "color-name": "~1.1.4"
      }
    },
    "color-name": {
      "version": "1.1.4",
      "resolved": "https://registry.npmjs.org/color-name/-/color-name-1.1.4.tgz",
      "integrity": "sha512-dOy+3AuW3a2wNbZHIuMZpTcgjGuLU/uBL/ubcZF9OXbDo8ff4O8yVp5Bf0efS8uEoYo5q4Fx7dY9OgQGXgAsQA=="
    },
    "color-support": {
      "version": "1.1.3",
      "resolved": "https://registry.npmjs.org/color-support/-/color-support-1.1.3.tgz",
      "integrity": "sha512-qiBjkpbMLO/HL68y+lh4q0/O1MZFj2RX6X/KmMa3+gJD3z+WwI1ZzDHysvqHGS3mP6mznPckpXmw1nI9cJjyRg=="
    },
    "commander": {
      "version": "7.2.0",
      "resolved": "https://registry.npmjs.org/commander/-/commander-7.2.0.tgz",
      "integrity": "sha512-QrWXB+ZQSVPmIWIhtEO9H+gwHaMGYiF5ChvoJ+K9ZGHG/sVsa6yiesAD1GC/x46sET00Xlwo1u49RVVVzvcSkw=="
    },
    "concat-map": {
      "version": "0.0.1",
      "resolved": "https://registry.npmjs.org/concat-map/-/concat-map-0.0.1.tgz",
      "integrity": "sha1-2Klr13/Wjfd5OnMDajug1UBdR3s="
    },
    "console-control-strings": {
      "version": "1.1.0",
      "resolved": "https://registry.npmjs.org/console-control-strings/-/console-control-strings-1.1.0.tgz",
      "integrity": "sha1-PXz0Rk22RG6mRL9LOVB/mFEAjo4="
    },
    "d3-array": {
      "version": "3.1.1",
      "resolved": "https://registry.npmjs.org/d3-array/-/d3-array-3.1.1.tgz",
      "integrity": "sha512-33qQ+ZoZlli19IFiQx4QEpf2CBEayMRzhlisJHSCsSUbDXv6ZishqS1x7uFVClKG4Wr7rZVHvaAttoLow6GqdQ==",
      "requires": {
        "internmap": "1 - 2"
      }
    },
    "d3-color": {
      "version": "3.0.1",
      "resolved": "https://registry.npmjs.org/d3-color/-/d3-color-3.0.1.tgz",
      "integrity": "sha512-6/SlHkDOBLyQSJ1j1Ghs82OIUXpKWlR0hCsw0XrLSQhuUPuCSmLQ1QPH98vpnQxMUQM2/gfAkUEWsupVpd9JGw=="
    },
    "d3-delaunay": {
      "version": "6.0.2",
      "resolved": "https://registry.npmjs.org/d3-delaunay/-/d3-delaunay-6.0.2.tgz",
      "integrity": "sha512-IMLNldruDQScrcfT+MWnazhHbDJhcRJyOEBAJfwQnHle1RPh6WDuLvxNArUju2VSMSUuKlY5BGHRJ2cYyoFLQQ==",
      "requires": {
        "delaunator": "5"
      }
    },
    "d3-dispatch": {
      "version": "3.0.1",
      "resolved": "https://registry.npmjs.org/d3-dispatch/-/d3-dispatch-3.0.1.tgz",
      "integrity": "sha512-rzUyPU/S7rwUflMyLc1ETDeBj0NRuHKKAcvukozwhshr6g6c5d8zh4c2gQjY2bZ0dXeGLWc1PF174P2tVvKhfg=="
    },
    "d3-dsv": {
      "version": "3.0.1",
      "resolved": "https://registry.npmjs.org/d3-dsv/-/d3-dsv-3.0.1.tgz",
      "integrity": "sha512-UG6OvdI5afDIFP9w4G0mNq50dSOsXHJaRE8arAS5o9ApWnIElp8GZw1Dun8vP8OyHOZ/QJUKUJwxiiCCnUwm+Q==",
      "requires": {
        "commander": "7",
        "iconv-lite": "0.6",
        "rw": "1"
      }
    },
    "d3-force": {
      "version": "3.0.0",
      "resolved": "https://registry.npmjs.org/d3-force/-/d3-force-3.0.0.tgz",
      "integrity": "sha512-zxV/SsA+U4yte8051P4ECydjD/S+qeYtnaIyAs9tgHCqfguma/aAQDjo85A9Z6EKhBirHRJHXIgJUlffT4wdLg==",
      "requires": {
        "d3-dispatch": "1 - 3",
        "d3-quadtree": "1 - 3",
        "d3-timer": "1 - 3"
      }
    },
    "d3-format": {
      "version": "3.1.0",
      "resolved": "https://registry.npmjs.org/d3-format/-/d3-format-3.1.0.tgz",
      "integrity": "sha512-YyUI6AEuY/Wpt8KWLgZHsIU86atmikuoOmCfommt0LYHiQSPjvX2AcFc38PX0CBpr2RCyZhjex+NS/LPOv6YqA=="
    },
    "d3-geo": {
      "version": "3.0.1",
      "resolved": "https://registry.npmjs.org/d3-geo/-/d3-geo-3.0.1.tgz",
      "integrity": "sha512-Wt23xBych5tSy9IYAM1FR2rWIBFWa52B/oF/GYe5zbdHrg08FU8+BuI6X4PvTwPDdqdAdq04fuWJpELtsaEjeA==",
      "requires": {
        "d3-array": "2.5.0 - 3"
      }
    },
    "d3-geo-projection": {
      "version": "4.0.0",
      "resolved": "https://registry.npmjs.org/d3-geo-projection/-/d3-geo-projection-4.0.0.tgz",
      "integrity": "sha512-p0bK60CEzph1iqmnxut7d/1kyTmm3UWtPlwdkM31AU+LW+BXazd5zJdoCn7VFxNCHXRngPHRnsNn5uGjLRGndg==",
      "requires": {
        "commander": "7",
        "d3-array": "1 - 3",
        "d3-geo": "1.12.0 - 3"
      }
    },
    "d3-hierarchy": {
      "version": "3.1.1",
      "resolved": "https://registry.npmjs.org/d3-hierarchy/-/d3-hierarchy-3.1.1.tgz",
      "integrity": "sha512-LtAIu54UctRmhGKllleflmHalttH3zkfSi4NlKrTAoFKjC+AFBJohsCAdgCBYQwH0F8hIOGY89X1pPqAchlMkA=="
    },
    "d3-interpolate": {
      "version": "3.0.1",
      "resolved": "https://registry.npmjs.org/d3-interpolate/-/d3-interpolate-3.0.1.tgz",
      "integrity": "sha512-3bYs1rOD33uo8aqJfKP3JWPAibgw8Zm2+L9vBKEHJ2Rg+viTR7o5Mmv5mZcieN+FRYaAOWX5SJATX6k1PWz72g==",
      "requires": {
        "d3-color": "1 - 3"
      }
    },
    "d3-path": {
      "version": "3.0.1",
      "resolved": "https://registry.npmjs.org/d3-path/-/d3-path-3.0.1.tgz",
      "integrity": "sha512-gq6gZom9AFZby0YLduxT1qmrp4xpBA1YZr19OI717WIdKE2OM5ETq5qrHLb301IgxhLwcuxvGZVLeeWc/k1I6w=="
    },
    "d3-quadtree": {
      "version": "3.0.1",
      "resolved": "https://registry.npmjs.org/d3-quadtree/-/d3-quadtree-3.0.1.tgz",
      "integrity": "sha512-04xDrxQTDTCFwP5H6hRhsRcb9xxv2RzkcsygFzmkSIOJy3PeRJP7sNk3VRIbKXcog561P9oU0/rVH6vDROAgUw=="
    },
    "d3-scale": {
      "version": "4.0.2",
      "resolved": "https://registry.npmjs.org/d3-scale/-/d3-scale-4.0.2.tgz",
      "integrity": "sha512-GZW464g1SH7ag3Y7hXjf8RoUuAFIqklOAq3MRl4OaWabTFJY9PN/E1YklhXLh+OQ3fM9yS2nOkCoS+WLZ6kvxQ==",
      "requires": {
        "d3-array": "2.10.0 - 3",
        "d3-format": "1 - 3",
        "d3-interpolate": "1.2.0 - 3",
        "d3-time": "2.1.1 - 3",
        "d3-time-format": "2 - 4"
      }
    },
    "d3-shape": {
      "version": "3.1.0",
      "resolved": "https://registry.npmjs.org/d3-shape/-/d3-shape-3.1.0.tgz",
      "integrity": "sha512-tGDh1Muf8kWjEDT/LswZJ8WF85yDZLvVJpYU9Nq+8+yW1Z5enxrmXOhTArlkaElU+CTn0OTVNli+/i+HP45QEQ==",
      "requires": {
        "d3-path": "1 - 3"
      }
    },
    "d3-time": {
      "version": "3.0.0",
      "resolved": "https://registry.npmjs.org/d3-time/-/d3-time-3.0.0.tgz",
      "integrity": "sha512-zmV3lRnlaLI08y9IMRXSDshQb5Nj77smnfpnd2LrBa/2K281Jijactokeak14QacHs/kKq0AQ121nidNYlarbQ==",
      "requires": {
        "d3-array": "2 - 3"
      }
    },
    "d3-time-format": {
      "version": "4.1.0",
      "resolved": "https://registry.npmjs.org/d3-time-format/-/d3-time-format-4.1.0.tgz",
      "integrity": "sha512-dJxPBlzC7NugB2PDLwo9Q8JiTR3M3e4/XANkreKSUxF8vvXKqm1Yfq4Q5dl8budlunRVlUUaDUgFt7eA8D6NLg==",
      "requires": {
        "d3-time": "1 - 3"
      }
    },
    "d3-timer": {
      "version": "3.0.1",
      "resolved": "https://registry.npmjs.org/d3-timer/-/d3-timer-3.0.1.tgz",
      "integrity": "sha512-ndfJ/JxxMd3nw31uyKoY2naivF+r29V+Lc0svZxe1JvvIRmi8hUsrMvdOwgS1o6uBHmiz91geQ0ylPP0aj1VUA=="
    },
    "debug": {
      "version": "4.3.4",
      "resolved": "https://registry.npmjs.org/debug/-/debug-4.3.4.tgz",
      "integrity": "sha512-PRWFHuSU3eDtQJPvnNY7Jcket1j0t5OuOsFzPPzsekD52Zl8qUfFIPEiswXqIvHWGVHOgX+7G/vCNNhehwxfkQ==",
      "requires": {
        "ms": "2.1.2"
      }
    },
    "decompress-response": {
      "version": "4.2.1",
      "resolved": "https://registry.npmjs.org/decompress-response/-/decompress-response-4.2.1.tgz",
      "integrity": "sha512-jOSne2qbyE+/r8G1VU+G/82LBs2Fs4LAsTiLSHOCOMZQl2OKZ6i8i4IyHemTe+/yIXOtTcRQMzPcgyhoFlqPkw==",
      "requires": {
        "mimic-response": "^2.0.0"
      }
    },
    "delaunator": {
      "version": "5.0.0",
      "resolved": "https://registry.npmjs.org/delaunator/-/delaunator-5.0.0.tgz",
      "integrity": "sha512-AyLvtyJdbv/U1GkiS6gUUzclRoAY4Gs75qkMygJJhU75LW4DNuSF2RMzpxs9jw9Oz1BobHjTdkG3zdP55VxAqw==",
      "requires": {
        "robust-predicates": "^3.0.0"
      }
    },
    "delegates": {
      "version": "1.0.0",
      "resolved": "https://registry.npmjs.org/delegates/-/delegates-1.0.0.tgz",
      "integrity": "sha1-hMbhWbgZBP3KWaDvRM2HDTElD5o="
    },
    "detect-libc": {
      "version": "1.0.3",
      "resolved": "https://registry.npmjs.org/detect-libc/-/detect-libc-1.0.3.tgz",
      "integrity": "sha1-+hN8S9aY7fVc1c0CrFWfkaTEups="
    },
    "emoji-regex": {
      "version": "8.0.0",
      "resolved": "https://registry.npmjs.org/emoji-regex/-/emoji-regex-8.0.0.tgz",
      "integrity": "sha512-MSjYzcWNOA0ewAHpz0MxpYFvwg6yjy1NG3xteoqz644VCo/RPgnr1/GGt+ic3iJTzQ8Eu3TdM14SawnVUmGE6A=="
    },
    "escalade": {
      "version": "3.1.1",
      "resolved": "https://registry.npmjs.org/escalade/-/escalade-3.1.1.tgz",
      "integrity": "sha512-k0er2gUkLf8O0zKJiAhmkTnJlTvINGv7ygDNPbeIsX/TJjGJZHuh9B2UxbsaEkmlEo9MfhrSzmhIlhRlI2GXnw=="
    },
    "fast-deep-equal": {
      "version": "3.1.3",
      "resolved": "https://registry.npmjs.org/fast-deep-equal/-/fast-deep-equal-3.1.3.tgz",
      "integrity": "sha512-f3qQ9oQy9j2AhBe/H9VC91wLmKBCCU/gDOnKNAYG5hswO7BLKj09Hc5HYNz9cGI++xlpDCIgDaitVs03ATR84Q=="
    },
    "fast-json-stable-stringify": {
      "version": "2.1.0",
      "resolved": "https://registry.npmjs.org/fast-json-stable-stringify/-/fast-json-stable-stringify-2.1.0.tgz",
      "integrity": "sha512-lhd/wF+Lk98HZoTCtlVraHtfh5XYijIjalXck7saUtuanSDyLMxnHhSXEDJqHxD7msR8D0uCmqlkwjCV8xvwHw=="
    },
    "fs-minipass": {
      "version": "2.1.0",
      "resolved": "https://registry.npmjs.org/fs-minipass/-/fs-minipass-2.1.0.tgz",
      "integrity": "sha512-V/JgOLFCS+R6Vcq0slCuaeWEdNC3ouDlJMNIsacH2VtALiu9mV4LPrHc5cDl8k5aw6J8jwgWWpiTo5RYhmIzvg==",
      "requires": {
        "minipass": "^3.0.0"
      }
    },
    "fs.realpath": {
      "version": "1.0.0",
      "resolved": "https://registry.npmjs.org/fs.realpath/-/fs.realpath-1.0.0.tgz",
      "integrity": "sha1-FQStJSMVjKpA20onh8sBQRmU6k8="
    },
    "gauge": {
      "version": "3.0.2",
      "resolved": "https://registry.npmjs.org/gauge/-/gauge-3.0.2.tgz",
      "integrity": "sha512-+5J6MS/5XksCuXq++uFRsnUd7Ovu1XenbeuIuNRJxYWjgQbPuFhT14lAvsWfqfAmnwluf1OwMjz39HjfLPci0Q==",
      "requires": {
        "aproba": "^1.0.3 || ^2.0.0",
        "color-support": "^1.1.2",
        "console-control-strings": "^1.0.0",
        "has-unicode": "^2.0.1",
        "object-assign": "^4.1.1",
        "signal-exit": "^3.0.0",
        "string-width": "^4.2.3",
        "strip-ansi": "^6.0.1",
        "wide-align": "^1.1.2"
      }
    },
    "get-caller-file": {
      "version": "2.0.5",
      "resolved": "https://registry.npmjs.org/get-caller-file/-/get-caller-file-2.0.5.tgz",
      "integrity": "sha512-DyFP3BM/3YHTQOCUL/w0OZHR0lpKeGrxotcHWcqNEdnltqFwXVfhEBQ94eIo34AfQpo0rGki4cyIiftY06h2Fg=="
    },
    "glob": {
      "version": "7.2.0",
      "resolved": "https://registry.npmjs.org/glob/-/glob-7.2.0.tgz",
      "integrity": "sha512-lmLf6gtyrPq8tTjSmrO94wBeQbFR3HbLHbuyD69wuyQkImp2hWqMGB47OX65FBkPffO641IP9jWa1z4ivqG26Q==",
      "requires": {
        "fs.realpath": "^1.0.0",
        "inflight": "^1.0.4",
        "inherits": "2",
        "minimatch": "^3.0.4",
        "once": "^1.3.0",
        "path-is-absolute": "^1.0.0"
      }
    },
    "has-unicode": {
      "version": "2.0.1",
      "resolved": "https://registry.npmjs.org/has-unicode/-/has-unicode-2.0.1.tgz",
      "integrity": "sha1-4Ob+aijPUROIVeCG0Wkedx3iqLk="
    },
    "https-proxy-agent": {
      "version": "5.0.0",
      "resolved": "https://registry.npmjs.org/https-proxy-agent/-/https-proxy-agent-5.0.0.tgz",
      "integrity": "sha512-EkYm5BcKUGiduxzSt3Eppko+PiNWNEpa4ySk9vTC6wDsQJW9rHSa+UhGNJoRYp7bz6Ht1eaRIa6QaJqO5rCFbA==",
      "requires": {
        "agent-base": "6",
        "debug": "4"
      }
    },
    "iconv-lite": {
      "version": "0.6.3",
      "resolved": "https://registry.npmjs.org/iconv-lite/-/iconv-lite-0.6.3.tgz",
      "integrity": "sha512-4fCk79wshMdzMp2rH06qWrJE4iolqLhCUH+OiuIgU++RB0+94NlDL81atO7GX55uUKueo0txHNtvEyI6D7WdMw==",
      "requires": {
        "safer-buffer": ">= 2.1.2 < 3.0.0"
      }
    },
    "inflight": {
      "version": "1.0.6",
      "resolved": "https://registry.npmjs.org/inflight/-/inflight-1.0.6.tgz",
      "integrity": "sha1-Sb1jMdfQLQwJvJEKEHW6gWW1bfk=",
      "requires": {
        "once": "^1.3.0",
        "wrappy": "1"
      }
    },
    "inherits": {
      "version": "2.0.4",
      "resolved": "https://registry.npmjs.org/inherits/-/inherits-2.0.4.tgz",
      "integrity": "sha512-k/vGaX4/Yla3WzyMCvTQOXYeIHvqOKtnqBduzTHpzpQZzAskKMhZ2K+EnBiSM9zGSoIFeMpXKxa4dYeZIQqewQ=="
    },
    "internmap": {
      "version": "2.0.3",
      "resolved": "https://registry.npmjs.org/internmap/-/internmap-2.0.3.tgz",
      "integrity": "sha512-5Hh7Y1wQbvY5ooGgPbDaL5iYLAPzMTUrjMulskHLH6wnv/A+1q5rgEaiuqEjB+oxGXIVZs1FF+R/KPN3ZSQYYg=="
    },
    "is-fullwidth-code-point": {
      "version": "3.0.0",
      "resolved": "https://registry.npmjs.org/is-fullwidth-code-point/-/is-fullwidth-code-point-3.0.0.tgz",
      "integrity": "sha512-zymm5+u+sCsSWyD9qNaejV3DFvhCKclKdizYaJUuHA83RLjb7nSuGnddCHGv0hk+KY7BMAlsWeK4Ueg6EV6XQg=="
    },
    "json-stringify-pretty-compact": {
      "version": "3.0.0",
      "resolved": "https://registry.npmjs.org/json-stringify-pretty-compact/-/json-stringify-pretty-compact-3.0.0.tgz",
      "integrity": "sha512-Rc2suX5meI0S3bfdZuA7JMFBGkJ875ApfVyq2WHELjBiiG22My/l7/8zPpH/CfFVQHuVLd8NLR0nv6vi0BYYKA=="
    },
    "lru-cache": {
      "version": "6.0.0",
      "resolved": "https://registry.npmjs.org/lru-cache/-/lru-cache-6.0.0.tgz",
      "integrity": "sha512-Jo6dJ04CmSjuznwJSS3pUeWmd/H0ffTlkXXgwZi+eq1UCmqQwCh+eLsYOYCwY991i2Fah4h1BEMCx4qThGbsiA==",
      "requires": {
        "yallist": "^4.0.0"
      }
    },
    "make-dir": {
      "version": "3.1.0",
      "resolved": "https://registry.npmjs.org/make-dir/-/make-dir-3.1.0.tgz",
      "integrity": "sha512-g3FeP20LNwhALb/6Cz6Dd4F2ngze0jz7tbzrD2wAV+o9FeNHe4rL+yK2md0J/fiSf1sa1ADhXqi5+oVwOM/eGw==",
      "requires": {
        "semver": "^6.0.0"
      },
      "dependencies": {
        "semver": {
          "version": "6.3.0",
          "resolved": "https://registry.npmjs.org/semver/-/semver-6.3.0.tgz",
          "integrity": "sha512-b39TBaTSfV6yBrapU89p5fKekE2m/NwnDocOVruQFS1/veMgdzuPcnOM34M6CwxW8jH/lxEa5rBoDeUwu5HHTw=="
        }
      }
    },
    "mimic-response": {
      "version": "2.1.0",
      "resolved": "https://registry.npmjs.org/mimic-response/-/mimic-response-2.1.0.tgz",
      "integrity": "sha512-wXqjST+SLt7R009ySCglWBCFpjUygmCIfD790/kVbiGmUgfYGuB14PiTd5DwVxSV4NcYHjzMkoj5LjQZwTQLEA=="
    },
    "minimatch": {
      "version": "3.1.2",
      "resolved": "https://registry.npmjs.org/minimatch/-/minimatch-3.1.2.tgz",
      "integrity": "sha512-J7p63hRiAjw1NDEww1W7i37+ByIrOWO5XQQAzZ3VOcL0PNybwpfmV/N05zFAzwQ9USyEcX6t3UO+K5aqBQOIHw==",
      "requires": {
        "brace-expansion": "^1.1.7"
      }
    },
    "minipass": {
      "version": "3.1.6",
      "resolved": "https://registry.npmjs.org/minipass/-/minipass-3.1.6.tgz",
      "integrity": "sha512-rty5kpw9/z8SX9dmxblFA6edItUmwJgMeYDZRrwlIVN27i8gysGbznJwUggw2V/FVqFSDdWy040ZPS811DYAqQ==",
      "requires": {
        "yallist": "^4.0.0"
      }
    },
    "minizlib": {
      "version": "2.1.2",
      "resolved": "https://registry.npmjs.org/minizlib/-/minizlib-2.1.2.tgz",
      "integrity": "sha512-bAxsR8BVfj60DWXHE3u30oHzfl4G7khkSuPW+qvpd7jFRHm7dLxOjUk1EHACJ/hxLY8phGJ0YhYHZo7jil7Qdg==",
      "requires": {
        "minipass": "^3.0.0",
        "yallist": "^4.0.0"
      }
    },
    "mkdirp": {
      "version": "1.0.4",
      "resolved": "https://registry.npmjs.org/mkdirp/-/mkdirp-1.0.4.tgz",
      "integrity": "sha512-vVqVZQyf3WLx2Shd0qJ9xuvqgAyKPLAiqITEtqW0oIUjzo3PePDd6fW9iFz30ef7Ysp/oiWqbhszeGWW2T6Gzw=="
    },
    "ms": {
      "version": "2.1.2",
      "resolved": "https://registry.npmjs.org/ms/-/ms-2.1.2.tgz",
      "integrity": "sha512-sGkPx+VjMtmA6MX27oA4FBFELFCZZ4S4XqeGOXCv68tT+jb3vk/RyaKWP0PTKyWtmLSM0b+adUTEvbs1PEaH2w=="
    },
    "nan": {
      "version": "2.15.0",
      "resolved": "https://registry.npmjs.org/nan/-/nan-2.15.0.tgz",
      "integrity": "sha512-8ZtvEnA2c5aYCZYd1cvgdnU6cqwixRoYg70xPLWUws5ORTa/lnw+u4amixRS/Ac5U5mQVgp9pnlSUnbNWFaWZQ=="
    },
    "node-fetch": {
      "version": "2.6.7",
      "resolved": "https://registry.npmjs.org/node-fetch/-/node-fetch-2.6.7.tgz",
      "integrity": "sha512-ZjMPFEfVx5j+y2yF35Kzx5sF7kDzxuDj6ziH4FFbOp87zKDZNx8yExJIb05OGF4Nlt9IHFIMBkRl41VdvcNdbQ==",
      "requires": {
        "whatwg-url": "^5.0.0"
      }
    },
    "nopt": {
      "version": "5.0.0",
      "resolved": "https://registry.npmjs.org/nopt/-/nopt-5.0.0.tgz",
      "integrity": "sha512-Tbj67rffqceeLpcRXrT7vKAN8CwfPeIBgM7E6iBkmKLV7bEMwpGgYLGv0jACUsECaa/vuxP0IjEont6umdMgtQ==",
      "requires": {
        "abbrev": "1"
      }
    },
    "npmlog": {
      "version": "5.0.1",
      "resolved": "https://registry.npmjs.org/npmlog/-/npmlog-5.0.1.tgz",
      "integrity": "sha512-AqZtDUWOMKs1G/8lwylVjrdYgqA4d9nu8hc+0gzRxlDb1I10+FHBGMXs6aiQHFdCUUlqH99MUMuLfzWDNDtfxw==",
      "requires": {
        "are-we-there-yet": "^2.0.0",
        "console-control-strings": "^1.1.0",
        "gauge": "^3.0.0",
        "set-blocking": "^2.0.0"
      }
    },
    "object-assign": {
      "version": "4.1.1",
      "resolved": "https://registry.npmjs.org/object-assign/-/object-assign-4.1.1.tgz",
      "integrity": "sha1-IQmtx5ZYh8/AXLvUQsrIv7s2CGM="
    },
    "once": {
      "version": "1.4.0",
      "resolved": "https://registry.npmjs.org/once/-/once-1.4.0.tgz",
      "integrity": "sha1-WDsap3WWHUsROsF9nFC6753Xa9E=",
      "requires": {
        "wrappy": "1"
      }
    },
    "path-is-absolute": {
      "version": "1.0.1",
      "resolved": "https://registry.npmjs.org/path-is-absolute/-/path-is-absolute-1.0.1.tgz",
      "integrity": "sha1-F0uSaHNVNP+8es5r9TpanhtcX18="
    },
    "readable-stream": {
      "version": "3.6.0",
      "resolved": "https://registry.npmjs.org/readable-stream/-/readable-stream-3.6.0.tgz",
      "integrity": "sha512-BViHy7LKeTz4oNnkcLJ+lVSL6vpiFeX6/d3oSH8zCW7UxP2onchk+vTGB143xuFjHS3deTgkKoXXymXqymiIdA==",
      "requires": {
        "inherits": "^2.0.3",
        "string_decoder": "^1.1.1",
        "util-deprecate": "^1.0.1"
      }
    },
    "require-directory": {
      "version": "2.1.1",
      "resolved": "https://registry.npmjs.org/require-directory/-/require-directory-2.1.1.tgz",
      "integrity": "sha1-jGStX9MNqxyXbiNE/+f3kqam30I="
    },
    "rimraf": {
      "version": "3.0.2",
      "resolved": "https://registry.npmjs.org/rimraf/-/rimraf-3.0.2.tgz",
      "integrity": "sha512-JZkJMZkAGFFPP2YqXZXPbMlMBgsxzE8ILs4lMIX/2o0L9UBw9O/Y3o6wFw/i9YLapcUJWwqbi3kdxIPdC62TIA==",
      "requires": {
        "glob": "^7.1.3"
      }
    },
    "robust-predicates": {
      "version": "3.0.1",
      "resolved": "https://registry.npmjs.org/robust-predicates/-/robust-predicates-3.0.1.tgz",
      "integrity": "sha512-ndEIpszUHiG4HtDsQLeIuMvRsDnn8c8rYStabochtUeCvfuvNptb5TUbVD68LRAILPX7p9nqQGh4xJgn3EHS/g=="
    },
    "rw": {
      "version": "1.3.3",
      "resolved": "https://registry.npmjs.org/rw/-/rw-1.3.3.tgz",
      "integrity": "sha1-P4Yt+pGrdmsUiF700BEkv9oHT7Q="
    },
    "safe-buffer": {
      "version": "5.2.1",
      "resolved": "https://registry.npmjs.org/safe-buffer/-/safe-buffer-5.2.1.tgz",
      "integrity": "sha512-rp3So07KcdmmKbGvgaNxQSJr7bGVSVk5S9Eq1F+ppbRo70+YeaDxkw5Dd8NPN+GD6bjnYm2VuPuCXmpuYvmCXQ=="
    },
    "safer-buffer": {
      "version": "2.1.2",
      "resolved": "https://registry.npmjs.org/safer-buffer/-/safer-buffer-2.1.2.tgz",
      "integrity": "sha512-YZo3K82SD7Riyi0E1EQPojLz7kpepnSQI9IyPbHHg1XXXevb5dJI7tpyN2ADxGcQbHG7vcyRHk0cbwqcQriUtg=="
    },
    "semver": {
      "version": "7.3.5",
      "resolved": "https://registry.npmjs.org/semver/-/semver-7.3.5.tgz",
      "integrity": "sha512-PoeGJYh8HK4BTO/a9Tf6ZG3veo/A7ZVsYrSA6J8ny9nb3B1VrpkuN+z9OE5wfE5p6H4LchYZsegiQgbJD94ZFQ==",
      "requires": {
        "lru-cache": "^6.0.0"
      }
    },
    "set-blocking": {
      "version": "2.0.0",
      "resolved": "https://registry.npmjs.org/set-blocking/-/set-blocking-2.0.0.tgz",
      "integrity": "sha1-BF+XgtARrppoA93TgrJDkrPYkPc="
    },
    "signal-exit": {
      "version": "3.0.7",
      "resolved": "https://registry.npmjs.org/signal-exit/-/signal-exit-3.0.7.tgz",
      "integrity": "sha512-wnD2ZE+l+SPC/uoS0vXeE9L1+0wuaMqKlfz9AMUo38JsyLSBWSFcHR1Rri62LZc12vLr1gb3jl7iwQhgwpAbGQ=="
    },
    "simple-concat": {
      "version": "1.0.1",
      "resolved": "https://registry.npmjs.org/simple-concat/-/simple-concat-1.0.1.tgz",
      "integrity": "sha512-cSFtAPtRhljv69IK0hTVZQ+OfE9nePi/rtJmw5UjHeVyVroEqJXP1sFztKUy1qU+xvz3u/sfYJLa947b7nAN2Q=="
    },
    "simple-get": {
      "version": "3.1.1",
      "resolved": "https://registry.npmjs.org/simple-get/-/simple-get-3.1.1.tgz",
      "integrity": "sha512-CQ5LTKGfCpvE1K0n2us+kuMPbk/q0EKl82s4aheV9oXjFEz6W/Y7oQFVJuU6QG77hRT4Ghb5RURteF5vnWjupA==",
      "requires": {
        "decompress-response": "^4.2.0",
        "once": "^1.3.1",
        "simple-concat": "^1.0.0"
      }
    },
    "string-width": {
      "version": "4.2.3",
      "resolved": "https://registry.npmjs.org/string-width/-/string-width-4.2.3.tgz",
      "integrity": "sha512-wKyQRQpjJ0sIp62ErSZdGsjMJWsap5oRNihHhu6G7JVO/9jIB6UyevL+tXuOqrng8j/cxKTWyWUwvSTriiZz/g==",
      "requires": {
        "emoji-regex": "^8.0.0",
        "is-fullwidth-code-point": "^3.0.0",
        "strip-ansi": "^6.0.1"
      }
    },
    "string_decoder": {
      "version": "1.3.0",
      "resolved": "https://registry.npmjs.org/string_decoder/-/string_decoder-1.3.0.tgz",
      "integrity": "sha512-hkRX8U1WjJFd8LsDJ2yQ/wWWxaopEsABU1XfkM8A+j0+85JAGppt16cr1Whg6KIbb4okU6Mql6BOj+uup/wKeA==",
      "requires": {
        "safe-buffer": "~5.2.0"
      }
    },
    "strip-ansi": {
      "version": "6.0.1",
      "resolved": "https://registry.npmjs.org/strip-ansi/-/strip-ansi-6.0.1.tgz",
      "integrity": "sha512-Y38VPSHcqkFrCpFnQ9vuSXmquuv5oXOKpGeT6aGrr3o3Gc9AlVa6JBfUSOCnbxGGZF+/0ooI7KrPuUSztUdU5A==",
      "requires": {
        "ansi-regex": "^5.0.1"
      }
    },
    "tar": {
      "version": "6.1.11",
      "resolved": "https://registry.npmjs.org/tar/-/tar-6.1.11.tgz",
      "integrity": "sha512-an/KZQzQUkZCkuoAA64hM92X0Urb6VpRhAFllDzz44U2mcD5scmT3zBc4VgVpkugF580+DQn8eAFSyoQt0tznA==",
      "requires": {
        "chownr": "^2.0.0",
        "fs-minipass": "^2.0.0",
        "minipass": "^3.0.0",
        "minizlib": "^2.1.1",
        "mkdirp": "^1.0.3",
        "yallist": "^4.0.0"
      }
    },
    "topojson-client": {
      "version": "3.1.0",
      "resolved": "https://registry.npmjs.org/topojson-client/-/topojson-client-3.1.0.tgz",
      "integrity": "sha512-605uxS6bcYxGXw9qi62XyrV6Q3xwbndjachmNxu8HWTtVPxZfEJN9fd/SZS1Q54Sn2y0TMyMxFj/cJINqGHrKw==",
      "requires": {
        "commander": "2"
      },
      "dependencies": {
        "commander": {
          "version": "2.20.3",
          "resolved": "https://registry.npmjs.org/commander/-/commander-2.20.3.tgz",
          "integrity": "sha512-GpVkmM8vF2vQUkj2LvZmD35JxeJOLCwJ9cUkugyk2nuhbv3+mJvpLYYt+0+USMxE+oj+ey/lJEnhZw75x/OMcQ=="
        }
      }
    },
    "tr46": {
      "version": "0.0.3",
      "resolved": "https://registry.npmjs.org/tr46/-/tr46-0.0.3.tgz",
      "integrity": "sha1-gYT9NH2snNwYWZLzpmIuFLnZq2o="
    },
    "tslib": {
      "version": "2.3.1",
      "resolved": "https://registry.npmjs.org/tslib/-/tslib-2.3.1.tgz",
      "integrity": "sha512-77EbyPPpMz+FRFRuAFlWMtmgUWGe9UOG2Z25NqCwiIjRhOf5iKGuzSe5P2w1laq+FkRy4p+PCuVkJSGkzTEKVw=="
    },
    "util-deprecate": {
      "version": "1.0.2",
      "resolved": "https://registry.npmjs.org/util-deprecate/-/util-deprecate-1.0.2.tgz",
      "integrity": "sha1-RQ1Nyfpw3nMnYvvS1KKJgUGaDM8="
    },
    "vega": {
      "version": "5.22.0",
      "resolved": "https://registry.npmjs.org/vega/-/vega-5.22.0.tgz",
      "integrity": "sha512-ZIehKTrMY93sWaWIn/2N2LwsCN8XymQthxQA5fQwTmefVl7OOvcYmsGFJ9nttXUF4n0z5WRXkSsPZcJHHBlOKw==",
      "requires": {
        "vega-crossfilter": "~4.1.0",
        "vega-dataflow": "~5.7.4",
        "vega-encode": "~4.9.0",
        "vega-event-selector": "~3.0.0",
        "vega-expression": "~5.0.0",
        "vega-force": "~4.1.0",
        "vega-format": "~1.1.0",
        "vega-functions": "~5.13.0",
        "vega-geo": "~4.4.0",
        "vega-hierarchy": "~4.1.0",
        "vega-label": "~1.2.0",
        "vega-loader": "~4.5.0",
        "vega-parser": "~6.1.4",
        "vega-projection": "~1.5.0",
        "vega-regression": "~1.1.0",
        "vega-runtime": "~6.1.3",
        "vega-scale": "~7.2.0",
        "vega-scenegraph": "~4.10.0",
        "vega-statistics": "~1.8.0",
        "vega-time": "~2.1.0",
        "vega-transforms": "~4.10.0",
        "vega-typings": "~0.22.0",
        "vega-util": "~1.17.0",
        "vega-view": "~5.11.0",
        "vega-view-transforms": "~4.5.8",
        "vega-voronoi": "~4.2.0",
        "vega-wordcloud": "~4.1.3"
      }
    },
    "vega-canvas": {
      "version": "1.2.6",
      "resolved": "https://registry.npmjs.org/vega-canvas/-/vega-canvas-1.2.6.tgz",
      "integrity": "sha512-rgeYUpslYn/amIfnuv3Sw6n4BGns94OjjZNtUc9IDji6b+K8LGS/kW+Lvay8JX/oFqtulBp8RLcHN6QjqPLA9Q=="
    },
    "vega-cli": {
      "version": "5.22.0",
      "resolved": "https://registry.npmjs.org/vega-cli/-/vega-cli-5.22.0.tgz",
      "integrity": "sha512-yscI3LCx9i1goXumLFulIEbEyEAAhGTucby9m6tM94qXUO3O21W+ZNROGydEx8REK4nmLxJlV9tpMMTkxMzJ4A==",
      "requires": {
        "canvas": "^2.9.0",
        "vega": "5.22.0",
        "yargs": "17"
      }
    },
    "vega-crossfilter": {
      "version": "4.1.0",
      "resolved": "https://registry.npmjs.org/vega-crossfilter/-/vega-crossfilter-4.1.0.tgz",
      "integrity": "sha512-aiOJcvVpiEDIu5uNc4Kf1hakkkPaVOO5fw5T4RSFAw6GEDbdqcB6eZ1xePcsLVic1hxYD5SGiUPdiiIs0SMh2g==",
      "requires": {
        "d3-array": "^3.1.1",
        "vega-dataflow": "^5.7.3",
        "vega-util": "^1.15.2"
      }
    },
    "vega-dataflow": {
      "version": "5.7.4",
      "resolved": "https://registry.npmjs.org/vega-dataflow/-/vega-dataflow-5.7.4.tgz",
      "integrity": "sha512-JGHTpUo8XGETH3b1V892we6hdjzCWB977ybycIu8DPqRoyrZuj6t1fCVImazfMgQD1LAfJlQybWP+alwKDpKig==",
      "requires": {
        "vega-format": "^1.0.4",
        "vega-loader": "^4.3.2",
        "vega-util": "^1.16.1"
      }
    },
    "vega-encode": {
      "version": "4.9.0",
      "resolved": "https://registry.npmjs.org/vega-encode/-/vega-encode-4.9.0.tgz",
      "integrity": "sha512-etv2BHuCn9bzEc0cxyA2TnbtcAFQGVFmsaqmB4sgBCaqTSEfXMoX68LK3yxBrsdm5LU+y3otJVoewi3qWYCx2g==",
      "requires": {
        "d3-array": "^3.1.1",
        "d3-interpolate": "^3.0.1",
        "vega-dataflow": "^5.7.3",
        "vega-scale": "^7.0.3",
        "vega-util": "^1.15.2"
      }
    },
    "vega-event-selector": {
      "version": "3.0.0",
      "resolved": "https://registry.npmjs.org/vega-event-selector/-/vega-event-selector-3.0.0.tgz",
      "integrity": "sha512-Gls93/+7tEJGE3kUuUnxrBIxtvaNeF01VIFB2Q2Of2hBIBvtHX74jcAdDtkh5UhhoYGD8Q1J30P5cqEBEwtPoQ=="
    },
    "vega-expression": {
      "version": "5.0.0",
      "resolved": "https://registry.npmjs.org/vega-expression/-/vega-expression-5.0.0.tgz",
      "integrity": "sha512-y5+c2frq0tGwJ7vYXzZcfVcIRF/QGfhf2e+bV1Z0iQs+M2lI1II1GPDdmOcMKimpoCVp/D61KUJDIGE1DSmk2w==",
      "requires": {
        "@types/estree": "^0.0.50",
        "vega-util": "^1.16.0"
      }
    },
    "vega-force": {
      "version": "4.1.0",
      "resolved": "https://registry.npmjs.org/vega-force/-/vega-force-4.1.0.tgz",
      "integrity": "sha512-Sssf8iH48vYlz+E7/RpU+SUaJbuLoIL87U4tG2Av4gf/hRiImU49x2TI3EuhFWg1zpaCFxlz0CAaX++Oh/gjdw==",
      "requires": {
        "d3-force": "^3.0.0",
        "vega-dataflow": "^5.7.3",
        "vega-util": "^1.15.2"
      }
    },
    "vega-format": {
      "version": "1.1.0",
      "resolved": "https://registry.npmjs.org/vega-format/-/vega-format-1.1.0.tgz",
      "integrity": "sha512-6mgpeWw8yGdG0Zdi8aVkx5oUrpJGOpNxqazC2858RSDPvChM/jDFlgRMTYw52qk7cxU0L08ARp4BwmXaI75j0w==",
      "requires": {
        "d3-array": "^3.1.1",
        "d3-format": "^3.1.0",
        "d3-time-format": "^4.1.0",
        "vega-time": "^2.0.3",
        "vega-util": "^1.15.2"
      }
    },
    "vega-functions": {
      "version": "5.13.0",
      "resolved": "https://registry.npmjs.org/vega-functions/-/vega-functions-5.13.0.tgz",
      "integrity": "sha512-Mf53zNyx+c9fFqagEI0T8zc9nMlx0zozOngr8oOpG1tZDKOgwOnUgN99zQKbLHjyv+UzWrq3LYTnSLyVe0ZmhQ==",
      "requires": {
        "d3-array": "^3.1.1",
        "d3-color": "^3.0.1",
        "d3-geo": "^3.0.1",
        "vega-dataflow": "^5.7.3",
        "vega-expression": "^5.0.0",
        "vega-scale": "^7.2.0",
        "vega-scenegraph": "^4.9.3",
        "vega-selections": "^5.3.1",
        "vega-statistics": "^1.7.9",
        "vega-time": "^2.1.0",
        "vega-util": "^1.16.0"
      }
    },
    "vega-geo": {
      "version": "4.4.0",
      "resolved": "https://registry.npmjs.org/vega-geo/-/vega-geo-4.4.0.tgz",
      "integrity": "sha512-3YX41y+J5pu0PMjvBCASg0/lgvu9+QXWJZ+vl6FFKa8AlsIopQ67ZL7ObwqjZcoZMolJ4q0rc+ZO8aj1pXCYcw==",
      "requires": {
        "d3-array": "^3.1.1",
        "d3-color": "^3.0.1",
        "d3-geo": "^3.0.1",
        "vega-canvas": "^1.2.5",
        "vega-dataflow": "^5.7.3",
        "vega-projection": "^1.4.5",
        "vega-statistics": "^1.7.9",
        "vega-util": "^1.15.2"
      }
    },
    "vega-hierarchy": {
      "version": "4.1.0",
      "resolved": "https://registry.npmjs.org/vega-hierarchy/-/vega-hierarchy-4.1.0.tgz",
      "integrity": "sha512-DWBK39IEt4FiQru12twzKSFUvFFZ7KtlH9+lAaqrJnKuIZFCyQ1XOUfKScfbKIlk4KS+DuCTNLI/pxC/f7Sk9Q==",
      "requires": {
        "d3-hierarchy": "^3.1.0",
        "vega-dataflow": "^5.7.3",
        "vega-util": "^1.15.2"
      }
    },
    "vega-label": {
      "version": "1.2.0",
      "resolved": "https://registry.npmjs.org/vega-label/-/vega-label-1.2.0.tgz",
      "integrity": "sha512-1prOqkCAfXaUvMqavbGI0nbYGqV8UQR9qvuVwrPJ6Yxm3GIUIOA/JRqNY8eZR8USwMP/kzsqlfVEixj9+Y75VQ==",
      "requires": {
        "vega-canvas": "^1.2.6",
        "vega-dataflow": "^5.7.3",
        "vega-scenegraph": "^4.9.2",
        "vega-util": "^1.15.2"
      }
    },
    "vega-lite": {
      "version": "5.2.0",
      "resolved": "https://registry.npmjs.org/vega-lite/-/vega-lite-5.2.0.tgz",
      "integrity": "sha512-Yxcg8MvYfxHcG6BbkaKT0oVCIMIcE19UvqIsEwBmyd/7h2nzW7oRnID81T8UrY7hpDrIr6wa2JADOT2dhGNErw==",
      "requires": {
        "@types/clone": "~2.1.1",
        "array-flat-polyfill": "^1.0.1",
        "clone": "~2.1.2",
        "fast-deep-equal": "~3.1.3",
        "fast-json-stable-stringify": "~2.1.0",
        "json-stringify-pretty-compact": "~3.0.0",
        "tslib": "~2.3.1",
        "vega-event-selector": "~3.0.0",
        "vega-expression": "~5.0.0",
        "vega-util": "~1.17.0",
        "yargs": "~17.2.1"
      },
      "dependencies": {
        "yargs": {
          "version": "17.2.1",
          "resolved": "https://registry.npmjs.org/yargs/-/yargs-17.2.1.tgz",
          "integrity": "sha512-XfR8du6ua4K6uLGm5S6fA+FIJom/MdJcFNVY8geLlp2v8GYbOXD4EB1tPNZsRn4vBzKGMgb5DRZMeWuFc2GO8Q==",
          "requires": {
            "cliui": "^7.0.2",
            "escalade": "^3.1.1",
            "get-caller-file": "^2.0.5",
            "require-directory": "^2.1.1",
            "string-width": "^4.2.0",
            "y18n": "^5.0.5",
            "yargs-parser": "^20.2.2"
          }
        },
        "yargs-parser": {
          "version": "20.2.9",
          "resolved": "https://registry.npmjs.org/yargs-parser/-/yargs-parser-20.2.9.tgz",
          "integrity": "sha512-y11nGElTIV+CT3Zv9t7VKl+Q3hTQoT9a1Qzezhhl6Rp21gJ/IVTW7Z3y9EWXhuUBC2Shnf+DX0antecpAwSP8w=="
        }
      }
    },
    "vega-loader": {
      "version": "4.5.0",
      "resolved": "https://registry.npmjs.org/vega-loader/-/vega-loader-4.5.0.tgz",
      "integrity": "sha512-EkAyzbx0pCYxH3v3wghGVCaKINWxHfgbQ2pYDiYv0yo8e04S8Mv/IlRGTt6BAe7cLhrk1WZ4zh20QOppnGG05w==",
      "requires": {
        "d3-dsv": "^3.0.1",
        "node-fetch": "^2.6.7",
        "topojson-client": "^3.1.0",
        "vega-format": "^1.1.0",
        "vega-util": "^1.16.0"
      }
    },
    "vega-parser": {
      "version": "6.1.4",
      "resolved": "https://registry.npmjs.org/vega-parser/-/vega-parser-6.1.4.tgz",
      "integrity": "sha512-tORdpWXiH/kkXcpNdbSVEvtaxBuuDtgYp9rBunVW9oLsjFvFXbSWlM1wvJ9ZFSaTfx6CqyTyGMiJemmr1QnTjQ==",
      "requires": {
        "vega-dataflow": "^5.7.3",
        "vega-event-selector": "^3.0.0",
        "vega-functions": "^5.12.1",
        "vega-scale": "^7.1.1",
        "vega-util": "^1.16.0"
      }
    },
    "vega-projection": {
      "version": "1.5.0",
      "resolved": "https://registry.npmjs.org/vega-projection/-/vega-projection-1.5.0.tgz",
      "integrity": "sha512-aob7qojh555x3hQWZ/tr8cIJNSWQbm6EoWTJaheZgFOY2x3cDa4Qrg3RJbGw6KwVj/IQk2p40paRzixKZ2kr+A==",
      "requires": {
        "d3-geo": "^3.0.1",
        "d3-geo-projection": "^4.0.0"
      }
    },
    "vega-regression": {
      "version": "1.1.0",
      "resolved": "https://registry.npmjs.org/vega-regression/-/vega-regression-1.1.0.tgz",
      "integrity": "sha512-09K0RemY6cdaXBAyakDUNFfEkRcLkGjkDJyWQPAUqGK59hV2J+G3i4uxkZp18Vu0t8oqU7CgzwWim1s5uEpOcA==",
      "requires": {
        "d3-array": "^3.1.1",
        "vega-dataflow": "^5.7.3",
        "vega-statistics": "^1.7.9",
        "vega-util": "^1.15.2"
      }
    },
    "vega-runtime": {
      "version": "6.1.3",
      "resolved": "https://registry.npmjs.org/vega-runtime/-/vega-runtime-6.1.3.tgz",
      "integrity": "sha512-gE+sO2IfxMUpV0RkFeQVnHdmPy3K7LjHakISZgUGsDI/ZFs9y+HhBf8KTGSL5pcZPtQsZh3GBQ0UonqL1mp9PA==",
      "requires": {
        "vega-dataflow": "^5.7.3",
        "vega-util": "^1.15.2"
      }
    },
    "vega-scale": {
      "version": "7.2.0",
      "resolved": "https://registry.npmjs.org/vega-scale/-/vega-scale-7.2.0.tgz",
      "integrity": "sha512-QYltO/otrZHLrCGGf06Y99XtPtqWXITr6rw7rO9oL+l3d9o5RFl9sjHrVxiM7v+vGoZVWbBd5IPbFhPsXZ6+TA==",
      "requires": {
        "d3-array": "^3.1.1",
        "d3-interpolate": "^3.0.1",
        "d3-scale": "^4.0.2",
        "vega-time": "^2.1.0",
        "vega-util": "^1.17.0"
      }
    },
    "vega-scenegraph": {
      "version": "4.10.0",
      "resolved": "https://registry.npmjs.org/vega-scenegraph/-/vega-scenegraph-4.10.0.tgz",
      "integrity": "sha512-znUQAulNJnuXSza8+Qg1objNpXcHxP9KZwwp0XW4H/AHbzVhHEigZagb8xKDpQI1/8OSk2WZf9Bkr7CrsFC0hg==",
      "requires": {
        "d3-path": "^3.0.1",
        "d3-shape": "^3.1.0",
        "vega-canvas": "^1.2.5",
        "vega-loader": "^4.4.0",
        "vega-scale": "^7.2.0",
        "vega-util": "^1.15.2"
      }
    },
    "vega-selections": {
      "version": "5.4.0",
      "resolved": "https://registry.npmjs.org/vega-selections/-/vega-selections-5.4.0.tgz",
      "integrity": "sha512-Un3JdLDPjIpF9Dh4sw6m1c/QAcfam6m1YXHJ9vJxE/GdJ+sOrPxc7bcEU8VhOmTUN7IQUn4/1ry4JqqOVMbEhw==",
      "requires": {
        "d3-array": "3.1.1",
        "vega-expression": "^5.0.0",
        "vega-util": "^1.16.0"
      }
    },
    "vega-statistics": {
      "version": "1.8.0",
      "resolved": "https://registry.npmjs.org/vega-statistics/-/vega-statistics-1.8.0.tgz",
      "integrity": "sha512-dl+LCRS6qS4jWDme/NEdPVt5r649uB4IK6Kyr2/czmGA5JqjuFmtQ9lHQOnRu8945XLkqLf+JIQQo7vnw+nslA==",
      "requires": {
        "d3-array": "^3.1.1"
      }
    },
    "vega-time": {
      "version": "2.1.0",
      "resolved": "https://registry.npmjs.org/vega-time/-/vega-time-2.1.0.tgz",
      "integrity": "sha512-Q9/l3S6Br1RPX5HZvyLD/cQ4K6K8DtpR09/1y7D66gxNorg2+HGzYZINH9nUvN3mxoXcBWg4cCUh3+JvmkDaEg==",
      "requires": {
        "d3-array": "^3.1.1",
        "d3-time": "^3.0.0",
        "vega-util": "^1.15.2"
      }
    },
    "vega-transforms": {
      "version": "4.10.0",
      "resolved": "https://registry.npmjs.org/vega-transforms/-/vega-transforms-4.10.0.tgz",
      "integrity": "sha512-Yk6ByzVq5F2niFfPlSsrU5wi+NZhsF7IBpJCcTfms4U7eoyNepUXagdFEJ3VWBD/Lit6GorLXFgO17NYcyS5gg==",
      "requires": {
        "d3-array": "^3.1.1",
        "vega-dataflow": "^5.7.4",
        "vega-statistics": "^1.8.0",
        "vega-time": "^2.1.0",
        "vega-util": "^1.16.1"
      }
    },
    "vega-typings": {
      "version": "0.22.2",
      "resolved": "https://registry.npmjs.org/vega-typings/-/vega-typings-0.22.2.tgz",
      "integrity": "sha512-op4bNiyS150V7gnuIdjwFYB1belYB8qnapqLQQ+ZBJQ+r7a+IbvXphEUf8AkBlOoGPN1ITNdhlIsq9WWiuxu8Q==",
      "requires": {
        "vega-event-selector": "^3.0.0",
        "vega-expression": "^5.0.0",
        "vega-util": "^1.15.2"
      }
    },
    "vega-util": {
      "version": "1.17.0",
      "resolved": "https://registry.npmjs.org/vega-util/-/vega-util-1.17.0.tgz",
      "integrity": "sha512-HTaydZd9De3yf+8jH66zL4dXJ1d1p5OIFyoBzFiOli4IJbwkL1jrefCKz6AHDm1kYBzDJ0X4bN+CzZSCTvNk1w=="
    },
    "vega-view": {
      "version": "5.11.0",
      "resolved": "https://registry.npmjs.org/vega-view/-/vega-view-5.11.0.tgz",
      "integrity": "sha512-MI9NTRFmtFX6ADk6KOHhi8bhHjC9pPm42Bj2+74c6l1d3NQZf9Jv7lkiGqKohdkQDNH9LPwz/6slhKwPU9JdkQ==",
      "requires": {
        "d3-array": "^3.1.1",
        "d3-timer": "^3.0.1",
        "vega-dataflow": "^5.7.3",
        "vega-format": "^1.1.0",
        "vega-functions": "^5.13.0",
        "vega-runtime": "^6.1.3",
        "vega-scenegraph": "^4.10.0",
        "vega-util": "^1.16.1"
      }
    },
    "vega-view-transforms": {
      "version": "4.5.8",
      "resolved": "https://registry.npmjs.org/vega-view-transforms/-/vega-view-transforms-4.5.8.tgz",
      "integrity": "sha512-966m7zbzvItBL8rwmF2nKG14rBp7q+3sLCKWeMSUrxoG+M15Smg5gWEGgwTG3A/RwzrZ7rDX5M1sRaAngRH25g==",
      "requires": {
        "vega-dataflow": "^5.7.3",
        "vega-scenegraph": "^4.9.2",
        "vega-util": "^1.15.2"
      }
    },
    "vega-voronoi": {
      "version": "4.2.0",
      "resolved": "https://registry.npmjs.org/vega-voronoi/-/vega-voronoi-4.2.0.tgz",
      "integrity": "sha512-1iuNAVZgUHRlBpdq4gSga3KlQmrgFfwy+KpyDgPLQ8HbLkhcVeT7RDh2L6naluqD7Op0xVLms3clR920WsYryQ==",
      "requires": {
        "d3-delaunay": "^6.0.2",
        "vega-dataflow": "^5.7.3",
        "vega-util": "^1.15.2"
      }
    },
    "vega-wordcloud": {
      "version": "4.1.3",
      "resolved": "https://registry.npmjs.org/vega-wordcloud/-/vega-wordcloud-4.1.3.tgz",
      "integrity": "sha512-is4zYn9FMAyp9T4SAcz2P/U/wqc0Lx3P5YtpWKCbOH02a05vHjUQrQ2TTPOuvmMfAEDCSKvbMSQIJMOE018lJA==",
      "requires": {
        "vega-canvas": "^1.2.5",
        "vega-dataflow": "^5.7.3",
        "vega-scale": "^7.1.1",
        "vega-statistics": "^1.7.9",
        "vega-util": "^1.15.2"
      }
    },
    "webidl-conversions": {
      "version": "3.0.1",
      "resolved": "https://registry.npmjs.org/webidl-conversions/-/webidl-conversions-3.0.1.tgz",
      "integrity": "sha1-JFNCdeKnvGvnvIZhHMFq4KVlSHE="
    },
    "whatwg-url": {
      "version": "5.0.0",
      "resolved": "https://registry.npmjs.org/whatwg-url/-/whatwg-url-5.0.0.tgz",
      "integrity": "sha1-lmRU6HZUYuN2RNNib2dCzotwll0=",
      "requires": {
        "tr46": "~0.0.3",
        "webidl-conversions": "^3.0.0"
      }
    },
    "wide-align": {
      "version": "1.1.5",
      "resolved": "https://registry.npmjs.org/wide-align/-/wide-align-1.1.5.tgz",
      "integrity": "sha512-eDMORYaPNZ4sQIuuYPDHdQvf4gyCF9rEEV/yPxGfwPkRodwEgiMUUXTx/dex+Me0wxx53S+NgUHaP7y3MGlDmg==",
      "requires": {
        "string-width": "^1.0.2 || 2 || 3 || 4"
      }
    },
    "wrap-ansi": {
      "version": "7.0.0",
      "resolved": "https://registry.npmjs.org/wrap-ansi/-/wrap-ansi-7.0.0.tgz",
      "integrity": "sha512-YVGIj2kamLSTxw6NsZjoBxfSwsn0ycdesmc4p+Q21c5zPuZ1pl+NfxVdxPtdHvmNVOQ6XSYG4AUtyt/Fi7D16Q==",
      "requires": {
        "ansi-styles": "^4.0.0",
        "string-width": "^4.1.0",
        "strip-ansi": "^6.0.0"
      }
    },
    "wrappy": {
      "version": "1.0.2",
      "resolved": "https://registry.npmjs.org/wrappy/-/wrappy-1.0.2.tgz",
      "integrity": "sha1-tSQ9jz7BqjXxNkYFvA0QNuMKtp8="
    },
    "y18n": {
      "version": "5.0.8",
      "resolved": "https://registry.npmjs.org/y18n/-/y18n-5.0.8.tgz",
      "integrity": "sha512-0pfFzegeDWJHJIAmTLRP2DwHjdF5s7jo9tuztdQxAhINCdvS+3nGINqPd00AphqJR/0LhANUS6/+7SCb98YOfA=="
    },
    "yallist": {
      "version": "4.0.0",
      "resolved": "https://registry.npmjs.org/yallist/-/yallist-4.0.0.tgz",
      "integrity": "sha512-3wdGidZyq5PB084XLES5TpOSRA3wjXAlIWMhum2kRcv/41Sn2emQ0dycQW4uZXLejwKvg6EsvbdlVL+FYEct7A=="
    },
    "yargs": {
      "version": "17.4.0",
      "resolved": "https://registry.npmjs.org/yargs/-/yargs-17.4.0.tgz",
      "integrity": "sha512-WJudfrk81yWFSOkZYpAZx4Nt7V4xp7S/uJkX0CnxovMCt1wCE8LNftPpNuF9X/u9gN5nsD7ycYtRcDf2pL3UiA==",
      "requires": {
        "cliui": "^7.0.2",
        "escalade": "^3.1.1",
        "get-caller-file": "^2.0.5",
        "require-directory": "^2.1.1",
        "string-width": "^4.2.3",
        "y18n": "^5.0.5",
        "yargs-parser": "^21.0.0"
      }
    },
    "yargs-parser": {
      "version": "21.0.1",
      "resolved": "https://registry.npmjs.org/yargs-parser/-/yargs-parser-21.0.1.tgz",
      "integrity": "sha512-9BK1jFpLzJROCI5TzwZL/TU4gqjK5xiHV/RfWLOahrjAko/e4DJkRDZQXfvqAsiZzzYhgAzbgz6lg48jcm4GLg=="
    }
  }
}
